
Microsoft Visual Studio Solution File, Format Version 12.00
# Visual Studio Version 17
VisualStudioVersion = 17.5.002.0
MinimumVisualStudioVersion = 10.0.40219.1
Project("{9A19103F-16F7-4668-BE54-9A1E7A4F7556}") = "MeetingApp", "MeetingApp.csproj", "{F53ADE87-F469-464C-A9E3-63EFE71704D6}"
EndProject
Global
	GlobalSection(SolutionConfigurationPlatforms) = preSolution
		Debug|Any CPU = Debug|Any CPU
		Release|Any CPU = Release|Any CPU
	EndGlobalSection
	GlobalSection(ProjectConfigurationPlatforms) = postSolution
		{F53ADE87-F469-464C-A9E3-63EFE71704D6}.Debug|Any CPU.ActiveCfg = Debug|Any CPU
		{F53ADE87-F469-464C-A9E3-63EFE71704D6}.Debug|Any CPU.Build.0 = Debug|Any CPU
		{F53ADE87-F469-464C-A9E3-63EFE71704D6}.Release|Any CPU.ActiveCfg = Release|Any CPU
		{F53ADE87-F469-464C-A9E3-63EFE71704D6}.Release|Any CPU.Build.0 = Release|Any CPU
	EndGlobalSection
	GlobalSection(SolutionProperties) = preSolution
		HideSolutionNode = FALSE
	EndGlobalSection
	GlobalSection(ExtensibilityGlobals) = postSolution
		SolutionGuid = {3885AAFA-1E72-49FC-B924-8029D9D2BB5C}
	EndGlobalSection
EndGlobal
